
Microsoft Visual Studio Solution File, Format Version 12.00
# Visual Studio Version 16
VisualStudioVersion = 16.0.30503.244
MinimumVisualStudioVersion = 10.0.40219.1
Project("{FAE04EC0-301F-11D3-BF4B-00C04F79EFBC}") = "OrderingSample.Entities", "OrderingSample.Entities\OrderingSample.Entities.csproj", "{D83A84F5-CB0C-4D57-BB02-160F94B80440}"
EndProject
Project("{FAE04EC0-301F-11D3-BF4B-00C04F79EFBC}") = "OrderingSample.Core", "OrderingSample.Core\OrderingSample.Core.csproj", "{965E578C-B5C9-4FF0-B041-B9B979C41BF7}"
EndProject
Global
	GlobalSection(SolutionConfigurationPlatforms) = preSolution
		Debug|Any CPU = Debug|Any CPU
		Release|Any CPU = Release|Any CPU
	EndGlobalSection
	GlobalSection(ProjectConfigurationPlatforms) = postSolution
		{D83A84F5-CB0C-4D57-BB02-160F94B80440}.Debug|Any CPU.ActiveCfg = Debug|Any CPU
		{D83A84F5-CB0C-4D57-BB02-160F94B80440}.Debug|Any CPU.Build.0 = Debug|Any CPU
		{D83A84F5-CB0C-4D57-BB02-160F94B80440}.Release|Any CPU.ActiveCfg = Release|Any CPU
		{D83A84F5-CB0C-4D57-BB02-160F94B80440}.Release|Any CPU.Build.0 = Release|Any CPU
		{965E578C-B5C9-4FF0-B041-B9B979C41BF7}.Debug|Any CPU.ActiveCfg = Debug|Any CPU
		{965E578C-B5C9-4FF0-B041-B9B979C41BF7}.Debug|Any CPU.Build.0 = Debug|Any CPU
		{965E578C-B5C9-4FF0-B041-B9B979C41BF7}.Release|Any CPU.ActiveCfg = Release|Any CPU
		{965E578C-B5C9-4FF0-B041-B9B979C41BF7}.Release|Any CPU.Build.0 = Release|Any CPU
	EndGlobalSection
	GlobalSection(SolutionProperties) = preSolution
		HideSolutionNode = FALSE
	EndGlobalSection
	GlobalSection(ExtensibilityGlobals) = postSolution
		SolutionGuid = {16D1C349-8069-4770-9CB0-2BD003819E87}
	EndGlobalSection
EndGlobal
